
Microsoft Visual Studio Solution File, Format Version 12.00
# Visual Studio 15
VisualStudioVersion = 15.0.28010.2003
MinimumVisualStudioVersion = 10.0.40219.1
Project("{8BC9CEB8-8B4A-11D0-8D11-00A0C91BC942}") = "BullAndCowGame", "BullAndCowGame\BullAndCowGame.vcxproj", "{0AF12B03-4A5D-4DD9-93C8-9F394BFEBD63}"
EndProject
Global
	GlobalSection(SolutionConfigurationPlatforms) = preSolution
		Debug|x64 = Debug|x64
		Debug|x86 = Debug|x86
		Release|x64 = Release|x64
		Release|x86 = Release|x86
	EndGlobalSection
	GlobalSection(ProjectConfigurationPlatforms) = postSolution
		{0AF12B03-4A5D-4DD9-93C8-9F394BFEBD63}.Debug|x64.ActiveCfg = Debug|x64
		{0AF12B03-4A5D-4DD9-93C8-9F394BFEBD63}.Debug|x64.Build.0 = Debug|x64
		{0AF12B03-4A5D-4DD9-93C8-9F394BFEBD63}.Debug|x86.ActiveCfg = Debug|Win32
		{0AF12B03-4A5D-4DD9-93C8-9F394BFEBD63}.Debug|x86.Build.0 = Debug|Win32
		{0AF12B03-4A5D-4DD9-93C8-9F394BFEBD63}.Release|x64.ActiveCfg = Release|x64
		{0AF12B03-4A5D-4DD9-93C8-9F394BFEBD63}.Release|x64.Build.0 = Release|x64
		{0AF12B03-4A5D-4DD9-93C8-9F394BFEBD63}.Release|x86.ActiveCfg = Release|Win32
		{0AF12B03-4A5D-4DD9-93C8-9F394BFEBD63}.Release|x86.Build.0 = Release|Win32
	EndGlobalSection
	GlobalSection(SolutionProperties) = preSolution
		HideSolutionNode = FALSE
	EndGlobalSection
	GlobalSection(ExtensibilityGlobals) = postSolution
		SolutionGuid = {44F5FB61-A3DE-4DE2-B368-23EC578C778B}
	EndGlobalSection
EndGlobal
